
Microsoft Visual Studio Solution File, Format Version 12.00
# Visual Studio Version 17
VisualStudioVersion = 17.5.33516.290
MinimumVisualStudioVersion = 10.0.40219.1
Project("{9A19103F-16F7-4668-BE54-9A1E7A4F7556}") = "MISA.WebFresher2023.Demo", "MISA.WebFresher2023.Demo\MISA.WebFresher2023.Demo.csproj", "{077B4102-08EB-4605-83CC-18D35739BAB0}"
EndProject
Project("{9A19103F-16F7-4668-BE54-9A1E7A4F7556}") = "MISA.WebFresher2023.Demo.UnitTests", "MISA.WebFresher2023.Demo.UnitTests\MISA.WebFresher2023.Demo.UnitTests.csproj", "{B786BF27-5B0E-4029-9585-F7C1829D1036}"
EndProject
Project("{9A19103F-16F7-4668-BE54-9A1E7A4F7556}") = "MISA.WebFresher2023.Demo.BL", "MISA.WebFresher2023.Demo.BL\MISA.WebFresher2023.Demo.BL.csproj", "{0FE5E0D0-3BB1-431D-807A-5E330F9FB295}"
EndProject
Project("{9A19103F-16F7-4668-BE54-9A1E7A4F7556}") = "MISA.WebFresher2023.Demo.DL", "MISA.WebFresher2023.Demo.DL\MISA.WebFresher2023.Demo.DL.csproj", "{D5644ECC-056F-4229-AE1E-DE6FE3FE03A6}"
EndProject
Project("{9A19103F-16F7-4668-BE54-9A1E7A4F7556}") = "MISA.WebFresher2023.Demo.Common", "MISA.WebFresher2023.Demo.Common\MISA.WebFresher2023.Demo.Common.csproj", "{32039E98-5F6A-4F53-A72D-436E984F57C7}"
EndProject
Project("{2150E333-8FDC-42A3-9474-1A3956D46DE8}") = "Config", "Config", "{F1B24671-C31B-4A6A-8BE3-731DD3436F5E}"
	ProjectSection(SolutionItems) = preProject
		default.json = default.json
	EndProjectSection
EndProject
Project("{9A19103F-16F7-4668-BE54-9A1E7A4F7556}") = "MISA.WebFresher2023.Demo.ExportApi", "MISA.WebFresher2023.Demo.ExportApi\MISA.WebFresher2023.Demo.ExportApi.csproj", "{E0CA95D2-69BB-4A36-8D26-1D584659EB9B}"
EndProject
Project("{2150E333-8FDC-42A3-9474-1A3956D46DE8}") = "Src", "Src", "{9252AE21-6F28-4F3F-AA95-9736A1A2A19E}"
EndProject
Project("{2150E333-8FDC-42A3-9474-1A3956D46DE8}") = "Host", "Host", "{67A440ED-A192-4C3B-986B-AC23A4956653}"
EndProject
Global
	GlobalSection(SolutionConfigurationPlatforms) = preSolution
		Debug|Any CPU = Debug|Any CPU
		Release|Any CPU = Release|Any CPU
	EndGlobalSection
	GlobalSection(ProjectConfigurationPlatforms) = postSolution
		{077B4102-08EB-4605-83CC-18D35739BAB0}.Debug|Any CPU.ActiveCfg = Debug|Any CPU
		{077B4102-08EB-4605-83CC-18D35739BAB0}.Debug|Any CPU.Build.0 = Debug|Any CPU
		{077B4102-08EB-4605-83CC-18D35739BAB0}.Release|Any CPU.ActiveCfg = Release|Any CPU
		{077B4102-08EB-4605-83CC-18D35739BAB0}.Release|Any CPU.Build.0 = Release|Any CPU
		{B786BF27-5B0E-4029-9585-F7C1829D1036}.Debug|Any CPU.ActiveCfg = Debug|Any CPU
		{B786BF27-5B0E-4029-9585-F7C1829D1036}.Debug|Any CPU.Build.0 = Debug|Any CPU
		{B786BF27-5B0E-4029-9585-F7C1829D1036}.Release|Any CPU.ActiveCfg = Release|Any CPU
		{B786BF27-5B0E-4029-9585-F7C1829D1036}.Release|Any CPU.Build.0 = Release|Any CPU
		{0FE5E0D0-3BB1-431D-807A-5E330F9FB295}.Debug|Any CPU.ActiveCfg = Debug|Any CPU
		{0FE5E0D0-3BB1-431D-807A-5E330F9FB295}.Debug|Any CPU.Build.0 = Debug|Any CPU
		{0FE5E0D0-3BB1-431D-807A-5E330F9FB295}.Release|Any CPU.ActiveCfg = Release|Any CPU
		{0FE5E0D0-3BB1-431D-807A-5E330F9FB295}.Release|Any CPU.Build.0 = Release|Any CPU
		{D5644ECC-056F-4229-AE1E-DE6FE3FE03A6}.Debug|Any CPU.ActiveCfg = Debug|Any CPU
		{D5644ECC-056F-4229-AE1E-DE6FE3FE03A6}.Debug|Any CPU.Build.0 = Debug|Any CPU
		{D5644ECC-056F-4229-AE1E-DE6FE3FE03A6}.Release|Any CPU.ActiveCfg = Release|Any CPU
		{D5644ECC-056F-4229-AE1E-DE6FE3FE03A6}.Release|Any CPU.Build.0 = Release|Any CPU
		{32039E98-5F6A-4F53-A72D-436E984F57C7}.Debug|Any CPU.ActiveCfg = Debug|Any CPU
		{32039E98-5F6A-4F53-A72D-436E984F57C7}.Debug|Any CPU.Build.0 = Debug|Any CPU
		{32039E98-5F6A-4F53-A72D-436E984F57C7}.Release|Any CPU.ActiveCfg = Release|Any CPU
		{32039E98-5F6A-4F53-A72D-436E984F57C7}.Release|Any CPU.Build.0 = Release|Any CPU
		{E0CA95D2-69BB-4A36-8D26-1D584659EB9B}.Debug|Any CPU.ActiveCfg = Debug|Any CPU
		{E0CA95D2-69BB-4A36-8D26-1D584659EB9B}.Debug|Any CPU.Build.0 = Debug|Any CPU
		{E0CA95D2-69BB-4A36-8D26-1D584659EB9B}.Release|Any CPU.ActiveCfg = Release|Any CPU
		{E0CA95D2-69BB-4A36-8D26-1D584659EB9B}.Release|Any CPU.Build.0 = Release|Any CPU
	EndGlobalSection
	GlobalSection(SolutionProperties) = preSolution
		HideSolutionNode = FALSE
	EndGlobalSection
	GlobalSection(NestedProjects) = preSolution
		{077B4102-08EB-4605-83CC-18D35739BAB0} = {67A440ED-A192-4C3B-986B-AC23A4956653}
		{B786BF27-5B0E-4029-9585-F7C1829D1036} = {9252AE21-6F28-4F3F-AA95-9736A1A2A19E}
		{0FE5E0D0-3BB1-431D-807A-5E330F9FB295} = {9252AE21-6F28-4F3F-AA95-9736A1A2A19E}
		{D5644ECC-056F-4229-AE1E-DE6FE3FE03A6} = {9252AE21-6F28-4F3F-AA95-9736A1A2A19E}
		{32039E98-5F6A-4F53-A72D-436E984F57C7} = {9252AE21-6F28-4F3F-AA95-9736A1A2A19E}
		{E0CA95D2-69BB-4A36-8D26-1D584659EB9B} = {67A440ED-A192-4C3B-986B-AC23A4956653}
	EndGlobalSection
	GlobalSection(ExtensibilityGlobals) = postSolution
		SolutionGuid = {F729410C-89E7-4ADE-9955-0157833F19BF}
	EndGlobalSection
EndGlobal
