
Microsoft Visual Studio Solution File, Format Version 12.00
# Visual Studio Version 17
VisualStudioVersion = 17.5.33516.290
MinimumVisualStudioVersion = 10.0.40219.1
Project("{9A19103F-16F7-4668-BE54-9A1E7A4F7556}") = "MISA.WebFresher032023.Demo.UnitTests", "MISA.WebFresher032023.Demo.UnitTests\MISA.WebFresher032023.Demo.UnitTests.csproj", "{79681DC3-DF0D-4CF9-8F0D-70BB28C81253}"
EndProject
Project("{9A19103F-16F7-4668-BE54-9A1E7A4F7556}") = "MISA.WebFresher032023.Demo.BusinessLayer", "MISA.WebFresher032023.Demo.Services\MISA.WebFresher032023.Demo.BusinessLayer.csproj", "{9ED77B4B-3478-4C7E-B3B3-DA9A24CF7873}"
EndProject
Project("{9A19103F-16F7-4668-BE54-9A1E7A4F7556}") = "MISA.WebFresher032023.Demo.DataLayer", "MISA.WebFresher032023.Demo.Repository\MISA.WebFresher032023.Demo.DataLayer.csproj", "{31A8AC95-8F53-4EF4-883D-D5DE77CC3604}"
EndProject
Project("{9A19103F-16F7-4668-BE54-9A1E7A4F7556}") = "MISA.WebFresher032023.Demo.Common", "MISA.WebFresher032023.Demo.Common\MISA.WebFresher032023.Demo.Common.csproj", "{547D47D8-488E-4923-996E-594274608429}"
EndProject
Project("{9A19103F-16F7-4668-BE54-9A1E7A4F7556}") = "MISA.WebFresher032023.Demo.API", "MISA.WebFresher032023.Demo.API\MISA.WebFresher032023.Demo.API.csproj", "{12A1D7C0-8839-4C1F-ACF2-EE5D281732FD}"
EndProject
Global
	GlobalSection(SolutionConfigurationPlatforms) = preSolution
		Debug|Any CPU = Debug|Any CPU
		Release|Any CPU = Release|Any CPU
	EndGlobalSection
	GlobalSection(ProjectConfigurationPlatforms) = postSolution
		{79681DC3-DF0D-4CF9-8F0D-70BB28C81253}.Debug|Any CPU.ActiveCfg = Debug|Any CPU
		{79681DC3-DF0D-4CF9-8F0D-70BB28C81253}.Debug|Any CPU.Build.0 = Debug|Any CPU
		{79681DC3-DF0D-4CF9-8F0D-70BB28C81253}.Release|Any CPU.ActiveCfg = Release|Any CPU
		{79681DC3-DF0D-4CF9-8F0D-70BB28C81253}.Release|Any CPU.Build.0 = Release|Any CPU
		{9ED77B4B-3478-4C7E-B3B3-DA9A24CF7873}.Debug|Any CPU.ActiveCfg = Debug|Any CPU
		{9ED77B4B-3478-4C7E-B3B3-DA9A24CF7873}.Debug|Any CPU.Build.0 = Debug|Any CPU
		{9ED77B4B-3478-4C7E-B3B3-DA9A24CF7873}.Release|Any CPU.ActiveCfg = Release|Any CPU
		{9ED77B4B-3478-4C7E-B3B3-DA9A24CF7873}.Release|Any CPU.Build.0 = Release|Any CPU
		{31A8AC95-8F53-4EF4-883D-D5DE77CC3604}.Debug|Any CPU.ActiveCfg = Debug|Any CPU
		{31A8AC95-8F53-4EF4-883D-D5DE77CC3604}.Debug|Any CPU.Build.0 = Debug|Any CPU
		{31A8AC95-8F53-4EF4-883D-D5DE77CC3604}.Release|Any CPU.ActiveCfg = Release|Any CPU
		{31A8AC95-8F53-4EF4-883D-D5DE77CC3604}.Release|Any CPU.Build.0 = Release|Any CPU
		{547D47D8-488E-4923-996E-594274608429}.Debug|Any CPU.ActiveCfg = Debug|Any CPU
		{547D47D8-488E-4923-996E-594274608429}.Debug|Any CPU.Build.0 = Debug|Any CPU
		{547D47D8-488E-4923-996E-594274608429}.Release|Any CPU.ActiveCfg = Release|Any CPU
		{547D47D8-488E-4923-996E-594274608429}.Release|Any CPU.Build.0 = Release|Any CPU
		{12A1D7C0-8839-4C1F-ACF2-EE5D281732FD}.Debug|Any CPU.ActiveCfg = Debug|Any CPU
		{12A1D7C0-8839-4C1F-ACF2-EE5D281732FD}.Debug|Any CPU.Build.0 = Debug|Any CPU
		{12A1D7C0-8839-4C1F-ACF2-EE5D281732FD}.Release|Any CPU.ActiveCfg = Release|Any CPU
		{12A1D7C0-8839-4C1F-ACF2-EE5D281732FD}.Release|Any CPU.Build.0 = Release|Any CPU
	EndGlobalSection
	GlobalSection(SolutionProperties) = preSolution
		HideSolutionNode = FALSE
	EndGlobalSection
	GlobalSection(ExtensibilityGlobals) = postSolution
		SolutionGuid = {8BE4FD14-6541-4A38-A797-7DF279DCE2B7}
	EndGlobalSection
EndGlobal
